
Microsoft Visual Studio Solution File, Format Version 12.00
Project("{2150E333-8FDC-42A3-9474-1A3956D46DE8}") = "src", "src", "{AE2AA116-61E9-45EE-ADF4-B06D822F0745}"
EndProject
Project("{2150E333-8FDC-42A3-9474-1A3956D46DE8}") = "Adapters", "Adapters", "{C3999042-1B15-49D2-9EF0-DEDF1EE85CA6}"
EndProject
Project("{2150E333-8FDC-42A3-9474-1A3956D46DE8}") = "Core", "Core", "{80A546F5-91CE-48BF-BF24-94061A3F7D3A}"
EndProject
Project("{2150E333-8FDC-42A3-9474-1A3956D46DE8}") = "External", "External", "{184537D1-4F8D-4E00-8825-452E6E41754C}"
EndProject
Project("{2150E333-8FDC-42A3-9474-1A3956D46DE8}") = "tests", "tests", "{728E35F4-8429-4800-B360-82440F519C49}"
EndProject
Project("{FAE04EC0-301F-11D3-BF4B-00C04F79EFBC}") = "Bmb.Production.Api", "src\Bmb.Production.Api\Bmb.Production.Api.csproj", "{8578C641-4D21-43E5-A544-3B60D15213F7}"
EndProject
Project("{FAE04EC0-301F-11D3-BF4B-00C04F79EFBC}") = "Bmb.Production.Application", "src\Bmb.Production.Application\Bmb.Production.Application.csproj", "{C0C4F71F-5A27-42EE-A870-718583A8DEC9}"
EndProject
Project("{FAE04EC0-301F-11D3-BF4B-00C04F79EFBC}") = "Bmb.Production.Redis.Gateway", "src\Bmb.Production.Redis.Gateway\Bmb.Production.Redis.Gateway.csproj", "{6072BB21-6F27-4FED-9202-C224906CD353}"
EndProject
Project("{FAE04EC0-301F-11D3-BF4B-00C04F79EFBC}") = "Bmb.Production.Bus", "src\Bmb.Production.Bus\Bmb.Production.Bus.csproj", "{2A874712-89EA-4CA4-A81A-99AF1302AC26}"
EndProject
Project("{FAE04EC0-301F-11D3-BF4B-00C04F79EFBC}") = "Bmb.Production.Core", "src\Bmb.Production.Core\Bmb.Production.Core.csproj", "{FEB583FA-FB37-42A9-8432-61C8CE05A010}"
EndProject
Project("{FAE04EC0-301F-11D3-BF4B-00C04F79EFBC}") = "Bmb.Production.Bus.Test", "tests\Bmb.Production.Bus.Test\Bmb.Production.Bus.Test.csproj", "{3AEA179D-59B5-43F5-B462-255571B5DA4F}"
EndProject
Project("{FAE04EC0-301F-11D3-BF4B-00C04F79EFBC}") = "Bmb.Production.Controllers", "src\Bmb.Production.Controllers\Bmb.Production.Controllers.csproj", "{9506B673-7AC1-4B8E-B6C4-8BB86D8A1FDD}"
EndProject
Project("{FAE04EC0-301F-11D3-BF4B-00C04F79EFBC}") = "Bmb.Production.DI", "src\Bmb.Production.DI\Bmb.Production.DI.csproj", "{D33BDFBC-4A19-40CD-8CCE-0B393CFDC5BB}"
EndProject
Project("{FAE04EC0-301F-11D3-BF4B-00C04F79EFBC}") = "Bmb.Production.Controllers.Test", "tests\Bmb.Production.Controllers.Test\Bmb.Production.Controllers.Test.csproj", "{C1E3AAC9-E63F-4C3C-8DBE-0937B2727CC7}"
EndProject
Project("{FAE04EC0-301F-11D3-BF4B-00C04F79EFBC}") = "Bmb.Production.Application.Test", "tests\Bmb.Production.Application.Test\Bmb.Production.Application.Test.csproj", "{56ED07DA-E8CE-4DD3-BECA-37DBC0927821}"
EndProject
Project("{FAE04EC0-301F-11D3-BF4B-00C04F79EFBC}") = "Bmb.Production.Api.Test", "tests\Bmb.Production.Api.Test\Bmb.Production.Api.Test.csproj", "{0C260DE3-992C-4DCB-9C3C-3EEF57B55589}"
EndProject
Global
	GlobalSection(SolutionConfigurationPlatforms) = preSolution
		Debug|Any CPU = Debug|Any CPU
		Release|Any CPU = Release|Any CPU
	EndGlobalSection
	GlobalSection(NestedProjects) = preSolution
		{C3999042-1B15-49D2-9EF0-DEDF1EE85CA6} = {AE2AA116-61E9-45EE-ADF4-B06D822F0745}
		{80A546F5-91CE-48BF-BF24-94061A3F7D3A} = {AE2AA116-61E9-45EE-ADF4-B06D822F0745}
		{184537D1-4F8D-4E00-8825-452E6E41754C} = {AE2AA116-61E9-45EE-ADF4-B06D822F0745}
		{8578C641-4D21-43E5-A544-3B60D15213F7} = {184537D1-4F8D-4E00-8825-452E6E41754C}
		{6072BB21-6F27-4FED-9202-C224906CD353} = {C3999042-1B15-49D2-9EF0-DEDF1EE85CA6}
		{C0C4F71F-5A27-42EE-A870-718583A8DEC9} = {80A546F5-91CE-48BF-BF24-94061A3F7D3A}
		{2A874712-89EA-4CA4-A81A-99AF1302AC26} = {C3999042-1B15-49D2-9EF0-DEDF1EE85CA6}
		{FEB583FA-FB37-42A9-8432-61C8CE05A010} = {80A546F5-91CE-48BF-BF24-94061A3F7D3A}
		{3AEA179D-59B5-43F5-B462-255571B5DA4F} = {728E35F4-8429-4800-B360-82440F519C49}
		{9506B673-7AC1-4B8E-B6C4-8BB86D8A1FDD} = {C3999042-1B15-49D2-9EF0-DEDF1EE85CA6}
		{C1E3AAC9-E63F-4C3C-8DBE-0937B2727CC7} = {728E35F4-8429-4800-B360-82440F519C49}
		{56ED07DA-E8CE-4DD3-BECA-37DBC0927821} = {728E35F4-8429-4800-B360-82440F519C49}
		{D33BDFBC-4A19-40CD-8CCE-0B393CFDC5BB} = {AE2AA116-61E9-45EE-ADF4-B06D822F0745}
		{0C260DE3-992C-4DCB-9C3C-3EEF57B55589} = {728E35F4-8429-4800-B360-82440F519C49}
	EndGlobalSection
	GlobalSection(ProjectConfigurationPlatforms) = postSolution
		{8578C641-4D21-43E5-A544-3B60D15213F7}.Debug|Any CPU.ActiveCfg = Debug|Any CPU
		{8578C641-4D21-43E5-A544-3B60D15213F7}.Debug|Any CPU.Build.0 = Debug|Any CPU
		{8578C641-4D21-43E5-A544-3B60D15213F7}.Release|Any CPU.ActiveCfg = Release|Any CPU
		{8578C641-4D21-43E5-A544-3B60D15213F7}.Release|Any CPU.Build.0 = Release|Any CPU
		{C0C4F71F-5A27-42EE-A870-718583A8DEC9}.Debug|Any CPU.ActiveCfg = Debug|Any CPU
		{C0C4F71F-5A27-42EE-A870-718583A8DEC9}.Debug|Any CPU.Build.0 = Debug|Any CPU
		{C0C4F71F-5A27-42EE-A870-718583A8DEC9}.Release|Any CPU.ActiveCfg = Release|Any CPU
		{C0C4F71F-5A27-42EE-A870-718583A8DEC9}.Release|Any CPU.Build.0 = Release|Any CPU
		{6072BB21-6F27-4FED-9202-C224906CD353}.Debug|Any CPU.ActiveCfg = Debug|Any CPU
		{6072BB21-6F27-4FED-9202-C224906CD353}.Debug|Any CPU.Build.0 = Debug|Any CPU
		{6072BB21-6F27-4FED-9202-C224906CD353}.Release|Any CPU.ActiveCfg = Release|Any CPU
		{6072BB21-6F27-4FED-9202-C224906CD353}.Release|Any CPU.Build.0 = Release|Any CPU
		{2A874712-89EA-4CA4-A81A-99AF1302AC26}.Debug|Any CPU.ActiveCfg = Debug|Any CPU
		{2A874712-89EA-4CA4-A81A-99AF1302AC26}.Debug|Any CPU.Build.0 = Debug|Any CPU
		{2A874712-89EA-4CA4-A81A-99AF1302AC26}.Release|Any CPU.ActiveCfg = Release|Any CPU
		{2A874712-89EA-4CA4-A81A-99AF1302AC26}.Release|Any CPU.Build.0 = Release|Any CPU
		{FEB583FA-FB37-42A9-8432-61C8CE05A010}.Debug|Any CPU.ActiveCfg = Debug|Any CPU
		{FEB583FA-FB37-42A9-8432-61C8CE05A010}.Debug|Any CPU.Build.0 = Debug|Any CPU
		{FEB583FA-FB37-42A9-8432-61C8CE05A010}.Release|Any CPU.ActiveCfg = Release|Any CPU
		{FEB583FA-FB37-42A9-8432-61C8CE05A010}.Release|Any CPU.Build.0 = Release|Any CPU
		{3AEA179D-59B5-43F5-B462-255571B5DA4F}.Debug|Any CPU.ActiveCfg = Debug|Any CPU
		{3AEA179D-59B5-43F5-B462-255571B5DA4F}.Debug|Any CPU.Build.0 = Debug|Any CPU
		{3AEA179D-59B5-43F5-B462-255571B5DA4F}.Release|Any CPU.ActiveCfg = Release|Any CPU
		{3AEA179D-59B5-43F5-B462-255571B5DA4F}.Release|Any CPU.Build.0 = Release|Any CPU
		{9506B673-7AC1-4B8E-B6C4-8BB86D8A1FDD}.Debug|Any CPU.ActiveCfg = Debug|Any CPU
		{9506B673-7AC1-4B8E-B6C4-8BB86D8A1FDD}.Debug|Any CPU.Build.0 = Debug|Any CPU
		{9506B673-7AC1-4B8E-B6C4-8BB86D8A1FDD}.Release|Any CPU.ActiveCfg = Release|Any CPU
		{9506B673-7AC1-4B8E-B6C4-8BB86D8A1FDD}.Release|Any CPU.Build.0 = Release|Any CPU
		{D33BDFBC-4A19-40CD-8CCE-0B393CFDC5BB}.Debug|Any CPU.ActiveCfg = Debug|Any CPU
		{D33BDFBC-4A19-40CD-8CCE-0B393CFDC5BB}.Debug|Any CPU.Build.0 = Debug|Any CPU
		{D33BDFBC-4A19-40CD-8CCE-0B393CFDC5BB}.Release|Any CPU.ActiveCfg = Release|Any CPU
		{D33BDFBC-4A19-40CD-8CCE-0B393CFDC5BB}.Release|Any CPU.Build.0 = Release|Any CPU
		{C1E3AAC9-E63F-4C3C-8DBE-0937B2727CC7}.Debug|Any CPU.ActiveCfg = Debug|Any CPU
		{C1E3AAC9-E63F-4C3C-8DBE-0937B2727CC7}.Debug|Any CPU.Build.0 = Debug|Any CPU
		{C1E3AAC9-E63F-4C3C-8DBE-0937B2727CC7}.Release|Any CPU.ActiveCfg = Release|Any CPU
		{C1E3AAC9-E63F-4C3C-8DBE-0937B2727CC7}.Release|Any CPU.Build.0 = Release|Any CPU
		{56ED07DA-E8CE-4DD3-BECA-37DBC0927821}.Debug|Any CPU.ActiveCfg = Debug|Any CPU
		{56ED07DA-E8CE-4DD3-BECA-37DBC0927821}.Debug|Any CPU.Build.0 = Debug|Any CPU
		{56ED07DA-E8CE-4DD3-BECA-37DBC0927821}.Release|Any CPU.ActiveCfg = Release|Any CPU
		{56ED07DA-E8CE-4DD3-BECA-37DBC0927821}.Release|Any CPU.Build.0 = Release|Any CPU
		{0C260DE3-992C-4DCB-9C3C-3EEF57B55589}.Debug|Any CPU.ActiveCfg = Debug|Any CPU
		{0C260DE3-992C-4DCB-9C3C-3EEF57B55589}.Debug|Any CPU.Build.0 = Debug|Any CPU
		{0C260DE3-992C-4DCB-9C3C-3EEF57B55589}.Release|Any CPU.ActiveCfg = Release|Any CPU
		{0C260DE3-992C-4DCB-9C3C-3EEF57B55589}.Release|Any CPU.Build.0 = Release|Any CPU
	EndGlobalSection
EndGlobal
